
Microsoft Visual Studio Solution File, Format Version 12.00
# Visual Studio Version 17
VisualStudioVersion = 17.14.36310.24 d17.14
MinimumVisualStudioVersion = 10.0.40219.1
Project("{FAE04EC0-301F-11D3-BF4B-00C04F79EFBC}") = "Lab2", "Lab2\Lab2.csproj", "{D905D392-785D-48E7-B495-37A152F775DA}"
EndProject
Global
	GlobalSection(SolutionConfigurationPlatforms) = preSolution
		Debug|Any CPU = Debug|Any CPU
		Release|Any CPU = Release|Any CPU
	EndGlobalSection
	GlobalSection(ProjectConfigurationPlatforms) = postSolution
		{D905D392-785D-48E7-B495-37A152F775DA}.Debug|Any CPU.ActiveCfg = Debug|Any CPU
		{D905D392-785D-48E7-B495-37A152F775DA}.Debug|Any CPU.Build.0 = Debug|Any CPU
		{D905D392-785D-48E7-B495-37A152F775DA}.Release|Any CPU.ActiveCfg = Release|Any CPU
		{D905D392-785D-48E7-B495-37A152F775DA}.Release|Any CPU.Build.0 = Release|Any CPU
	EndGlobalSection
	GlobalSection(SolutionProperties) = preSolution
		HideSolutionNode = FALSE
	EndGlobalSection
	GlobalSection(ExtensibilityGlobals) = postSolution
		SolutionGuid = {AD045DAD-BA20-40D1-A0FD-D4F1537987E9}
	EndGlobalSection
EndGlobal
